# THIS IS AN AUTOGENERATED FILE. DO NOT EDIT THIS FILE DIRECTLY.
# yarn lockfile v1


react-native-reanimated@^1.4.0:
  version "1.4.0"
  resolved "https://registry.yarnpkg.com/react-native-reanimated/-/react-native-reanimated-1.4.0.tgz#7f1acbf9be08492d834f512700570978052be2f9"
  integrity sha512-tO7nSNNP+iRLVbkcSS5GXyDBb7tSI02+XuRL3/S39EAr35rnvUy2JfeLUQG+fWSObJjnMVhasUDEUwlENk8IXw==
